
Microsoft Visual Studio Solution File, Format Version 12.00
# Visual Studio Version 17
VisualStudioVersion = 17.14.36109.1 d17.14
MinimumVisualStudioVersion = 10.0.40219.1
Project("{FAE04EC0-301F-11D3-BF4B-00C04F79EFBC}") = "MovieRental", "MovieRental.csproj", "{62020F16-4B1C-4DD6-83A0-AC90DC2038EF}"
EndProject
Global
	GlobalSection(SolutionConfigurationPlatforms) = preSolution
		Debug|Any CPU = Debug|Any CPU
		Release|Any CPU = Release|Any CPU
	EndGlobalSection
	GlobalSection(ProjectConfigurationPlatforms) = postSolution
		{62020F16-4B1C-4DD6-83A0-AC90DC2038EF}.Debug|Any CPU.ActiveCfg = Debug|Any CPU
		{62020F16-4B1C-4DD6-83A0-AC90DC2038EF}.Debug|Any CPU.Build.0 = Debug|Any CPU
		{62020F16-4B1C-4DD6-83A0-AC90DC2038EF}.Release|Any CPU.ActiveCfg = Release|Any CPU
		{62020F16-4B1C-4DD6-83A0-AC90DC2038EF}.Release|Any CPU.Build.0 = Release|Any CPU
	EndGlobalSection
	GlobalSection(SolutionProperties) = preSolution
		HideSolutionNode = FALSE
	EndGlobalSection
	GlobalSection(ExtensibilityGlobals) = postSolution
		SolutionGuid = {C943572E-D00E-4640-933C-BFD8470C24FC}
	EndGlobalSection
EndGlobal
